
Microsoft Visual Studio Solution File, Format Version 12.00
# Visual Studio Version 16
VisualStudioVersion = 16.0.29509.3
MinimumVisualStudioVersion = 10.0.40219.1
Project("{FAE04EC0-301F-11D3-BF4B-00C04F79EFBC}") = "VentaPlantasEcommerce", "VentaPlantasEcommerce.csproj", "{1461BDB0-E756-4BDE-B482-FB6DC66B239A}"
EndProject
Global
	GlobalSection(SolutionConfigurationPlatforms) = preSolution
		Debug|Any CPU = Debug|Any CPU
		Release|Any CPU = Release|Any CPU
	EndGlobalSection
	GlobalSection(ProjectConfigurationPlatforms) = postSolution
		{1461BDB0-E756-4BDE-B482-FB6DC66B239A}.Debug|Any CPU.ActiveCfg = Debug|Any CPU
		{1461BDB0-E756-4BDE-B482-FB6DC66B239A}.Debug|Any CPU.Build.0 = Debug|Any CPU
		{1461BDB0-E756-4BDE-B482-FB6DC66B239A}.Release|Any CPU.ActiveCfg = Release|Any CPU
		{1461BDB0-E756-4BDE-B482-FB6DC66B239A}.Release|Any CPU.Build.0 = Release|Any CPU
	EndGlobalSection
	GlobalSection(SolutionProperties) = preSolution
		HideSolutionNode = FALSE
	EndGlobalSection
	GlobalSection(ExtensibilityGlobals) = postSolution
		SolutionGuid = {A7062C43-0976-4939-898F-0BBCAAC8CF91}
	EndGlobalSection
EndGlobal
